// !$*UTF8*$!
{
	archiveVersion = 1;
	classes = {
	};
	objectVersion = 50;
	objects = {

/* Begin PBXBuildFile section */
		4D013BD1257C855500BCF458 /* AppDelegate.swift in Sources */ = {isa = PBXBuildFile; fileRef = 4D013BD0257C855500BCF458 /* AppDelegate.swift */; };
		4D013BD3257C855500BCF458 /* SceneDelegate.swift in Sources */ = {isa = PBXBuildFile; fileRef = 4D013BD2257C855500BCF458 /* SceneDelegate.swift */; };
		4D013BD5257C855500BCF458 /* ViewController.swift in Sources */ = {isa = PBXBuildFile; fileRef = 4D013BD4257C855500BCF458 /* ViewController.swift */; };
		4D013BD8257C855500BCF458 /* Main.storyboard in Resources */ = {isa = PBXBuildFile; fileRef = 4D013BD6257C855500BCF458 /* Main.storyboard */; };
		4D013BDA257C855800BCF458 /* Assets.xcassets in Resources */ = {isa = PBXBuildFile; fileRef = 4D013BD9257C855800BCF458 /* Assets.xcassets */; };
		4D013BDD257C855800BCF458 /* LaunchScreen.storyboard in Resources */ = {isa = PBXBuildFile; fileRef = 4D013BDB257C855800BCF458 /* LaunchScreen.storyboard */; };
		4D013BE8257C855800BCF458 /* HelloWorldTests.swift in Sources */ = {isa = PBXBuildFile; fileRef = 4D013BE7257C855800BCF458 /* HelloWorldTests.swift */; };
		4D013BF3257C855800BCF458 /* HelloWorldUITests.swift in Sources */ = {isa = PBXBuildFile; fileRef = 4D013BF2257C855800BCF458 /* HelloWorldUITests.swift */; };
/* End PBXBuildFile section */

/* Begin PBXContainerItemProxy section */
		4D013BE4257C855800BCF458 /* PBXContainerItemProxy */ = {
			isa = PBXContainerItemProxy;
			containerPortal = 4D013BC5257C855500BCF458 /* Project object */;
			proxyType = 1;
			remoteGlobalIDString = 4D013BCC257C855500BCF458;
			remoteInfo = HelloWorld;
		};
		4D013BEF257C855800BCF458 /* PBXContainerItemProxy */ = {
			isa = PBXContainerItemProxy;
			containerPortal = 4D013BC5257C855500BCF458 /* Project object */;
			proxyType = 1;
			remoteGlobalIDString = 4D013BCC257C855500BCF458;
			remoteInfo = HelloWorld;
		};
/* End PBXContainerItemProxy section */

/* Begin PBXFileReference section */
		4D013BCD257C855500BCF458 /* HelloWorld.app */ = {isa = PBXFileReference; explicitFileType = wrapper.application; includeInIndex = 0; path = HelloWorld.app; sourceTree = BUILT_PRODUCTS_DIR; };
		4D013BD0257C855500BCF458 /* AppDelegate.swift */ = {isa = PBXFileReference; lastKnownFileType = sourcecode.swift; path = AppDelegate.swift; sourceTree = "<group>"; };
		4D013BD2257C855500BCF458 /* SceneDelegate.swift */ = {isa = PBXFileReference; lastKnownFileType = sourcecode.swift; path = SceneDelegate.swift; sourceTree = "<group>"; };
		4D013BD4257C855500BCF458 /* ViewController.swift */ = {isa = PBXFileReference; lastKnownFileType = sourcecode.swift; path = ViewController.swift; sourceTree = "<group>"; };
		4D013BD7257C855500BCF458 /* Base */ = {isa = PBXFileReference; lastKnownFileType = file.storyboard; name = Base; path = Base.lproj/Main.storyboard; sourceTree = "<group>"; };
		4D013BD9257C855800BCF458 /* Assets.xcassets */ = {isa = PBXFileReference; lastKnownFileType = folder.assetcatalog; path = Assets.xcassets; sourceTree = "<group>"; };
		4D013BDC257C855800BCF458 /* Base */ = {isa = PBXFileReference; lastKnownFileType = file.storyboard; name = Base; path = Base.lproj/LaunchScreen.storyboard; sourceTree = "<group>"; };
		4D013BDE257C855800BCF458 /* Info.plist */ = {isa = PBXFileReference; lastKnownFileType = text.plist.xml; path = Info.plist; sourceTree = "<group>"; };
		4D013BE3257C855800BCF458 /* HelloWorldTests.xctest */ = {isa = PBXFileReference; explicitFileType = wrapper.cfbundle; includeInIndex = 0; path = HelloWorldTests.xctest; sourceTree = BUILT_PRODUCTS_DIR; };
		4D013BE7257C855800BCF458 /* HelloWorldTests.swift */ = {isa = PBXFileReference; lastKnownFileType = sourcecode.swift; path = HelloWorldTests.swift; sourceTree = "<group>"; };
		4D013BE9257C855800BCF458 /* Info.plist */ = {isa = PBXFileReference; lastKnownFileType = text.plist.xml; path = Info.plist; sourceTree = "<group>"; };
		4D013BEE257C855800BCF458 /* HelloWorldUITests.xctest */ = {isa = PBXFileReference; explicitFileType = wrapper.cfbundle; includeInIndex = 0; path = HelloWorldUITests.xctest; sourceTree = BUILT_PRODUCTS_DIR; };
		4D013BF2257C855800BCF458 /* HelloWorldUITests.swift */ = {isa = PBXFileReference; lastKnownFileType = sourcecode.swift; path = HelloWorldUITests.swift; sourceTree = "<group>"; };
		4D013BF4257C855800BCF458 /* Info.plist */ = {isa = PBXFileReference; lastKnownFileType = text.plist.xml; path = Info.plist; sourceTree = "<group>"; };
/* End PBXFileReference section */

/* Begin PBXFrameworksBuildPhase section */
		4D013BCA257C855500BCF458 /* Frameworks */ = {
			isa = PBXFrameworksBuildPhase;
			buildActionMask = 2147483647;
			files = (
			);
			runOnlyForDeploymentPostprocessing = 0;
		};
		4D013BE0257C855800BCF458 /* Frameworks */ = {
			isa = PBXFrameworksBuildPhase;
			buildActionMask = 2147483647;
			files = (
			);
			runOnlyForDeploymentPostprocessing = 0;
		};
		4D013BEB257C855800BCF458 /* Frameworks */ = {
			isa = PBXFrameworksBuildPhase;
			buildActionMask = 2147483647;
			files = (
			);
			runOnlyForDeploymentPostprocessing = 0;
		};
/* End PBXFrameworksBuildPhase section */

/* Begin PBXGroup section */
		4D013BC4257C855500BCF458 = {
			isa = PBXGroup;
			children = (
				4D013BCF257C855500BCF458 /* HelloWorld */,
				4D013BE6257C855800BCF458 /* HelloWorldTests */,
				4D013BF1257C855800BCF458 /* HelloWorldUITests */,
				4D013BCE257C855500BCF458 /* Products */,
			);
			sourceTree = "<group>";
		};
		4D013BCE257C855500BCF458 /* Products */ = {
			isa = PBXGroup;
			children = (
				4D013BCD257C855500BCF458 /* HelloWorld.app */,
				4D013BE3257C855800BCF458 /* HelloWorldTests.xctest */,
				4D013BEE257C855800BCF458 /* HelloWorldUITests.xctest */,
			);
			name = Products;
			sourceTree = "<group>";
		};
		4D013BCF257C855500BCF458 /* HelloWorld */ = {
			isa = PBXGroup;
			children = (
				4D013BD0257C855500BCF458 /* AppDelegate.swift */,
				4D013BD2257C855500BCF458 /* SceneDelegate.swift */,
				4D013BD4257C855500BCF458 /* ViewController.swift */,
				4D013BD6257C855500BCF458 /* Main.storyboard */,
				4D013BD9257C855800BCF458 /* Assets.xcassets */,
				4D013BDB257C855800BCF458 /* LaunchScreen.storyboard */,
				4D013BDE257C855800BCF458 /* Info.plist */,
			);
			path = HelloWorld;
			sourceTree = "<group>";
		};
		4D013BE6257C855800BCF458 /* HelloWorldTests */ = {
			isa = PBXGroup;
			children = (
				4D013BE7257C855800BCF458 /* HelloWorldTests.swift */,
				4D013BE9257C855800BCF458 /* Info.plist */,
			);
			path = HelloWorldTests;
			sourceTree = "<group>";
		};
		4D013BF1257C855800BCF458 /* HelloWorldUITests */ = {
			isa = PBXGroup;
			children = (
				4D013BF2257C855800BCF458 /* HelloWorldUITests.swift */,
				4D013BF4257C855800BCF458 /* Info.plist */,
			);
			path = HelloWorldUITests;
			sourceTree = "<group>";
		};
/* End PBXGroup section */

/* Begin PBXNativeTarget section */
		4D013BCC257C855500BCF458 /* HelloWorld */ = {
			isa = PBXNativeTarget;
			buildConfigurationList = 4D013BF7257C855800BCF458 /* Build configuration list for PBXNativeTarget "HelloWorld" */;
			buildPhases = (
				4D013BC9257C855500BCF458 /* Sources */,
				4D013BCA257C855500BCF458 /* Frameworks */,
				4D013BCB257C855500BCF458 /* Resources */,
			);
			buildRules = (
			);
			dependencies = (
			);
			name = HelloWorld;
			productName = HelloWorld;
			productReference = 4D013BCD257C855500BCF458 /* HelloWorld.app */;
			productType = "com.apple.product-type.application";
		};
		4D013BE2257C855800BCF458 /* HelloWorldTests */ = {
			isa = PBXNativeTarget;
			buildConfigurationList = 4D013BFA257C855800BCF458 /* Build configuration list for PBXNativeTarget "HelloWorldTests" */;
			buildPhases = (
				4D013BDF257C855800BCF458 /* Sources */,
				4D013BE0257C855800BCF458 /* Frameworks */,
				4D013BE1257C855800BCF458 /* Resources */,
			);
			buildRules = (
			);
			dependencies = (
				4D013BE5257C855800BCF458 /* PBXTargetDependency */,
			);
			name = HelloWorldTests;
			productName = HelloWorldTests;
			productReference = 4D013BE3257C855800BCF458 /* HelloWorldTests.xctest */;
			productType = "com.apple.product-type.bundle.unit-test";
		};
		4D013BED257C855800BCF458 /* HelloWorldUITests */ = {
			isa = PBXNativeTarget;
			buildConfigurationList = 4D013BFD257C855800BCF458 /* Build configuration list for PBXNativeTarget "HelloWorldUITests" */;
			buildPhases = (
				4D013BEA257C855800BCF458 /* Sources */,
				4D013BEB257C855800BCF458 /* Frameworks */,
				4D013BEC257C855800BCF458 /* Resources */,
			);
			buildRules = (
			);
			dependencies = (
				4D013BF0257C855800BCF458 /* PBXTargetDependency */,
			);
			name = HelloWorldUITests;
			productName = HelloWorldUITests;
			productReference = 4D013BEE257C855800BCF458 /* HelloWorldUITests.xctest */;
			productType = "com.apple.product-type.bundle.ui-testing";
		};
/* End PBXNativeTarget section */

/* Begin PBXProject section */
		4D013BC5257C855500BCF458 /* Project object */ = {
			isa = PBXProject;
			attributes = {
				LastSwiftUpdateCheck = 1220;
				LastUpgradeCheck = 1220;
				TargetAttributes = {
					4D013BCC257C855500BCF458 = {
						CreatedOnToolsVersion = 12.2;
					};
					4D013BE2257C855800BCF458 = {
						CreatedOnToolsVersion = 12.2;
						TestTargetID = 4D013BCC257C855500BCF458;
					};
					4D013BED257C855800BCF458 = {
						CreatedOnToolsVersion = 12.2;
						TestTargetID = 4D013BCC257C855500BCF458;
					};
				};
			};
			buildConfigurationList = 4D013BC8257C855500BCF458 /* Build configuration list for PBXProject "HelloWorld" */;
			compatibilityVersion = "Xcode 9.3";
			developmentRegion = en;
			hasScannedForEncodings = 0;
			knownRegions = (
				en,
				Base,
			);
			mainGroup = 4D013BC4257C855500BCF458;
			productRefGroup = 4D013BCE257C855500BCF458 /* Products */;
			projectDirPath = "";
			projectRoot = "";
			targets = (
				4D013BCC257C855500BCF458 /* HelloWorld */,
				4D013BE2257C855800BCF458 /* HelloWorldTests */,
				4D013BED257C855800BCF458 /* HelloWorldUITests */,
			);
		};
/* End PBXProject section */

/* Begin PBXResourcesBuildPhase section */
		4D013BCB257C855500BCF458 /* Resources */ = {
			isa = PBXResourcesBuildPhase;
			buildActionMask = 2147483647;
			files = (
				4D013BDD257C855800BCF458 /* LaunchScreen.storyboard in Resources */,
				4D013BDA257C855800BCF458 /* Assets.xcassets in Resources */,
				4D013BD8257C855500BCF458 /* Main.storyboard in Resources */,
			);
			runOnlyForDeploymentPostprocessing = 0;
		};
		4D013BE1257C855800BCF458 /* Resources */ = {
			isa = PBXResourcesBuildPhase;
			buildActionMask = 2147483647;
			files = (
			);
			runOnlyForDeploymentPostprocessing = 0;
		};
		4D013BEC257C855800BCF458 /* Resources */ = {
			isa = PBXResourcesBuildPhase;
			buildActionMask = 2147483647;
			files = (
			);
			runOnlyForDeploymentPostprocessing = 0;
		};
/* End PBXResourcesBuildPhase section */

/* Begin PBXSourcesBuildPhase section */
		4D013BC9257C855500BCF458 /* Sources */ = {
			isa = PBXSourcesBuildPhase;
			buildActionMask = 2147483647;
			files = (
				4D013BD5257C855500BCF458 /* ViewController.swift in Sources */,
				4D013BD1257C855500BCF458 /* AppDelegate.swift in Sources */,
				4D013BD3257C855500BCF458 /* SceneDelegate.swift in Sources */,
			);
			runOnlyForDeploymentPostprocessing = 0;
		};
		4D013BDF257C855800BCF458 /* Sources */ = {
			isa = PBXSourcesBuildPhase;
			buildActionMask = 2147483647;
			files = (
				4D013BE8257C855800BCF458 /* HelloWorldTests.swift in Sources */,
			);
			runOnlyForDeploymentPostprocessing = 0;
		};
		4D013BEA257C855800BCF458 /* Sources */ = {
			isa = PBXSourcesBuildPhase;
			buildActionMask = 2147483647;
			files = (
				4D013BF3257C855800BCF458 /* HelloWorldUITests.swift in Sources */,
			);
			runOnlyForDeploymentPostprocessing = 0;
		};
/* End PBXSourcesBuildPhase section */

/* Begin PBXTargetDependency section */
		4D013BE5257C855800BCF458 /* PBXTargetDependency */ = {
			isa = PBXTargetDependency;
			target = 4D013BCC257C855500BCF458 /* HelloWorld */;
			targetProxy = 4D013BE4257C855800BCF458 /* PBXContainerItemProxy */;
		};
		4D013BF0257C855800BCF458 /* PBXTargetDependency */ = {
			isa = PBXTargetDependency;
			target = 4D013BCC257C855500BCF458 /* HelloWorld */;
			targetProxy = 4D013BEF257C855800BCF458 /* PBXContainerItemProxy */;
		};
/* End PBXTargetDependency section */

/* Begin PBXVariantGroup section */
		4D013BD6257C855500BCF458 /* Main.storyboard */ = {
			isa = PBXVariantGroup;
			children = (
				4D013BD7257C855500BCF458 /* Base */,
			);
			name = Main.storyboard;
			sourceTree = "<group>";
		};
		4D013BDB257C855800BCF458 /* LaunchScreen.storyboard */ = {
			isa = PBXVariantGroup;
			children = (
				4D013BDC257C855800BCF458 /* Base */,
			);
			name = LaunchScreen.storyboard;
			sourceTree = "<group>";
		};
/* End PBXVariantGroup section */

/* Begin XCBuildConfiguration section */
		4D013BF5257C855800BCF458 /* Debug */ = {
			isa = XCBuildConfiguration;
			buildSettings = {
				ALWAYS_SEARCH_USER_PATHS = NO;
				CLANG_ANALYZER_NONNULL = YES;
				CLANG_ANALYZER_NUMBER_OBJECT_CONVERSION = YES_AGGRESSIVE;
				CLANG_CXX_LANGUAGE_STANDARD = "gnu++14";
				CLANG_CXX_LIBRARY = "libc++";
				CLANG_ENABLE_MODULES = YES;
				CLANG_ENABLE_OBJC_ARC = YES;
				CLANG_ENABLE_OBJC_WEAK = YES;
				CLANG_WARN_BLOCK_CAPTURE_AUTORELEASING = YES;
				CLANG_WARN_BOOL_CONVERSION = YES;
				CLANG_WARN_COMMA = YES;
				CLANG_WARN_CONSTANT_CONVERSION = YES;
				CLANG_WARN_DEPRECATED_OBJC_IMPLEMENTATIONS = YES;
				CLANG_WARN_DIRECT_OBJC_ISA_USAGE = YES_ERROR;
				CLANG_WARN_DOCUMENTATION_COMMENTS = YES;
				CLANG_WARN_EMPTY_BODY = YES;
				CLANG_WARN_ENUM_CONVERSION = YES;
				CLANG_WARN_INFINITE_RECURSION = YES;
				CLANG_WARN_INT_CONVERSION = YES;
				CLANG_WARN_NON_LITERAL_NULL_CONVERSION = YES;
				CLANG_WARN_OBJC_IMPLICIT_RETAIN_SELF = YES;
				CLANG_WARN_OBJC_LITERAL_CONVERSION = YES;
				CLANG_WARN_OBJC_ROOT_CLASS = YES_ERROR;
				CLANG_WARN_QUOTED_INCLUDE_IN_FRAMEWORK_HEADER = YES;
				CLANG_WARN_RANGE_LOOP_ANALYSIS = YES;
				CLANG_WARN_STRICT_PROTOTYPES = YES;
				CLANG_WARN_SUSPICIOUS_MOVE = YES;
				CLANG_WARN_UNGUARDED_AVAILABILITY = YES_AGGRESSIVE;
				CLANG_WARN_UNREACHABLE_CODE = YES;
				CLANG_WARN__DUPLICATE_METHOD_MATCH = YES;
				COPY_PHASE_STRIP = NO;
				DEBUG_INFORMATION_FORMAT = dwarf;
				ENABLE_STRICT_OBJC_MSGSEND = YES;
				ENABLE_TESTABILITY = YES;
				GCC_C_LANGUAGE_STANDARD = gnu11;
				GCC_DYNAMIC_NO_PIC = NO;
				GCC_NO_COMMON_BLOCKS = YES;
				GCC_OPTIMIZATION_LEVEL = 0;
				GCC_PREPROCESSOR_DEFINITIONS = (
					"DEBUG=1",
					"$(inherited)",
				);
				GCC_WARN_64_TO_32_BIT_CONVERSION = YES;
				GCC_WARN_ABOUT_RETURN_TYPE = YES_ERROR;
				GCC_WARN_UNDECLARED_SELECTOR = YES;
				GCC_WARN_UNINITIALIZED_AUTOS = YES_AGGRESSIVE;
				GCC_WARN_UNUSED_FUNCTION = YES;
				GCC_WARN_UNUSED_VARIABLE = YES;
				IPHONEOS_DEPLOYMENT_TARGET = 14.2;
				MTL_ENABLE_DEBUG_INFO = INCLUDE_SOURCE;
				MTL_FAST_MATH = YES;
				ONLY_ACTIVE_ARCH = YES;
				SDKROOT = iphoneos;
				SWIFT_ACTIVE_COMPILATION_CONDITIONS = DEBUG;
				SWIFT_OPTIMIZATION_LEVEL = "-Onone";
			};
			name = Debug;
		};
		4D013BF6257C855800BCF458 /* Release */ = {
			isa = XCBuildConfiguration;
			buildSettings = {
				ALWAYS_SEARCH_USER_PATHS = NO;
				CLANG_ANALYZER_NONNULL = YES;
				CLANG_ANALYZER_NUMBER_OBJECT_CONVERSION = YES_AGGRESSIVE;
				CLANG_CXX_LANGUAGE_STANDARD = "gnu++14";
				CLANG_CXX_LIBRARY = "libc++";
				CLANG_ENABLE_MODULES = YES;
				CLANG_ENABLE_OBJC_ARC = YES;
				CLANG_ENABLE_OBJC_WEAK = YES;
				CLANG_WARN_BLOCK_CAPTURE_AUTORELEASING = YES;
				CLANG_WARN_BOOL_CONVERSION = YES;
				CLANG_WARN_COMMA = YES;
				CLANG_WARN_CONSTANT_CONVERSION = YES;
				CLANG_WARN_DEPRECATED_OBJC_IMPLEMENTATIONS = YES;
				CLANG_WARN_DIRECT_OBJC_ISA_USAGE = YES_ERROR;
				CLANG_WARN_DOCUMENTATION_COMMENTS = YES;
				CLANG_WARN_EMPTY_BODY = YES;
				CLANG_WARN_ENUM_CONVERSION = YES;
				CLANG_WARN_INFINITE_RECURSION = YES;
				CLANG_WARN_INT_CONVERSION = YES;
				CLANG_WARN_NON_LITERAL_NULL_CONVERSION = YES;
				CLANG_WARN_OBJC_IMPLICIT_RETAIN_SELF = YES;
				CLANG_WARN_OBJC_LITERAL_CONVERSION = YES;
				CLANG_WARN_OBJC_ROOT_CLASS = YES_ERROR;
				CLANG_WARN_QUOTED_INCLUDE_IN_FRAMEWORK_HEADER = YES;
				CLANG_WARN_RANGE_LOOP_ANALYSIS = YES;
				CLANG_WARN_STRICT_PROTOTYPES = YES;
				CLANG_WARN_SUSPICIOUS_MOVE = YES;
				CLANG_WARN_UNGUARDED_AVAILABILITY = YES_AGGRESSIVE;
				CLANG_WARN_UNREACHABLE_CODE = YES;
				CLANG_WARN__DUPLICATE_METHOD_MATCH = YES;
				COPY_PHASE_STRIP = NO;
				DEBUG_INFORMATION_FORMAT = "dwarf-with-dsym";
				ENABLE_NS_ASSERTIONS = NO;
				ENABLE_STRICT_OBJC_MSGSEND = YES;
				GCC_C_LANGUAGE_STANDARD = gnu11;
				GCC_NO_COMMON_BLOCKS = YES;
				GCC_WARN_64_TO_32_BIT_CONVERSION = YES;
				GCC_WARN_ABOUT_RETURN_TYPE = YES_ERROR;
				GCC_WARN_UNDECLARED_SELECTOR = YES;
				GCC_WARN_UNINITIALIZED_AUTOS = YES_AGGRESSIVE;
				GCC_WARN_UNUSED_FUNCTION = YES;
				GCC_WARN_UNUSED_VARIABLE = YES;
				IPHONEOS_DEPLOYMENT_TARGET = 14.2;
				MTL_ENABLE_DEBUG_INFO = NO;
				MTL_FAST_MATH = YES;
				SDKROOT = iphoneos;
				SWIFT_COMPILATION_MODE = wholemodule;
				SWIFT_OPTIMIZATION_LEVEL = "-O";
				VALIDATE_PRODUCT = YES;
			};
			name = Release;
		};
		4D013BF8257C855800BCF458 /* Debug */ = {
			isa = XCBuildConfiguration;
			buildSettings = {
				ASSETCATALOG_COMPILER_APPICON_NAME = AppIcon;
				ASSETCATALOG_COMPILER_GLOBAL_ACCENT_COLOR_NAME = AccentColor;
				CODE_SIGN_STYLE = Automatic;
				DEVELOPMENT_TEAM = DSQR5BP855;
				INFOPLIST_FILE = HelloWorld/Info.plist;
				LD_RUNPATH_SEARCH_PATHS = (
					"$(inherited)",
					"@executable_path/Frameworks",
				);
				PRODUCT_BUNDLE_IDENTIFIER = com.Makeschool.HelloWorld;
				PRODUCT_NAME = "$(TARGET_NAME)";
				SWIFT_VERSION = 5.0;
				TARGETED_DEVICE_FAMILY = "1,2";
			};
			name = Debug;
		};
		4D013BF9257C855800BCF458 /* Release */ = {
			isa = XCBuildConfiguration;
			buildSettings = {
				ASSETCATALOG_COMPILER_APPICON_NAME = AppIcon;
				ASSETCATALOG_COMPILER_GLOBAL_ACCENT_COLOR_NAME = AccentColor;
				CODE_SIGN_STYLE = Automatic;
				DEVELOPMENT_TEAM = DSQR5BP855;
				INFOPLIST_FILE = HelloWorld/Info.plist;
				LD_RUNPATH_SEARCH_PATHS = (
					"$(inherited)",
					"@executable_path/Frameworks",
				);
				PRODUCT_BUNDLE_IDENTIFIER = com.Makeschool.HelloWorld;
				PRODUCT_NAME = "$(TARGET_NAME)";
				SWIFT_VERSION = 5.0;
				TARGETED_DEVICE_FAMILY = "1,2";
			};
			name = Release;
		};
		4D013BFB257C855800BCF458 /* Debug */ = {
			isa = XCBuildConfiguration;
			buildSettings = {
				ALWAYS_EMBED_SWIFT_STANDARD_LIBRARIES = YES;
				BUNDLE_LOADER = "$(TEST_HOST)";
				CODE_SIGN_STYLE = Automatic;
				DEVELOPMENT_TEAM = DSQR5BP855;
				INFOPLIST_FILE = HelloWorldTests/Info.plist;
				IPHONEOS_DEPLOYMENT_TARGET = 14.2;
				LD_RUNPATH_SEARCH_PATHS = (
					"$(inherited)",
					"@executable_path/Frameworks",
					"@loader_path/Frameworks",
				);
				PRODUCT_BUNDLE_IDENTIFIER = com.Makeschool.HelloWorldTests;
				PRODUCT_NAME = "$(TARGET_NAME)";
				SWIFT_VERSION = 5.0;
				TARGETED_DEVICE_FAMILY = "1,2";
				TEST_HOST = "$(BUILT_PRODUCTS_DIR)/HelloWorld.app/HelloWorld";
			};
			name = Debug;
		};
		4D013BFC257C855800BCF458 /* Release */ = {
			isa = XCBuildConfiguration;
			buildSettings = {
				ALWAYS_EMBED_SWIFT_STANDARD_LIBRARIES = YES;
				BUNDLE_LOADER = "$(TEST_HOST)";
				CODE_SIGN_STYLE = Automatic;
				DEVELOPMENT_TEAM = DSQR5BP855;
				INFOPLIST_FILE = HelloWorldTests/Info.plist;
				IPHONEOS_DEPLOYMENT_TARGET = 14.2;
				LD_RUNPATH_SEARCH_PATHS = (
					"$(inherited)",
					"@executable_path/Frameworks",
					"@loader_path/Frameworks",
				);
				PRODUCT_BUNDLE_IDENTIFIER = com.Makeschool.HelloWorldTests;
				PRODUCT_NAME = "$(TARGET_NAME)";
				SWIFT_VERSION = 5.0;
				TARGETED_DEVICE_FAMILY = "1,2";
				TEST_HOST = "$(BUILT_PRODUCTS_DIR)/HelloWorld.app/HelloWorld";
			};
			name = Release;
		};
		4D013BFE257C855800BCF458 /* Debug */ = {
			isa = XCBuildConfiguration;
			buildSettings = {
				ALWAYS_EMBED_SWIFT_STANDARD_LIBRARIES = YES;
				CODE_SIGN_STYLE = Automatic;
				DEVELOPMENT_TEAM = DSQR5BP855;
				INFOPLIST_FILE = HelloWorldUITests/Info.plist;
				LD_RUNPATH_SEARCH_PATHS = (
					"$(inherited)",
					"@executable_path/Frameworks",
					"@loader_path/Frameworks",
				);
				PRODUCT_BUNDLE_IDENTIFIER = com.Makeschool.HelloWorldUITests;
				PRODUCT_NAME = "$(TARGET_NAME)";
				SWIFT_VERSION = 5.0;
				TARGETED_DEVICE_FAMILY = "1,2";
				TEST_TARGET_NAME = HelloWorld;
			};
			name = Debug;
		};
		4D013BFF257C855800BCF458 /* Release */ = {
			isa = XCBuildConfiguration;
			buildSettings = {
				ALWAYS_EMBED_SWIFT_STANDARD_LIBRARIES = YES;
				CODE_SIGN_STYLE = Automatic;
				DEVELOPMENT_TEAM = DSQR5BP855;
				INFOPLIST_FILE = HelloWorldUITests/Info.plist;
				LD_RUNPATH_SEARCH_PATHS = (
					"$(inherited)",
					"@executable_path/Frameworks",
					"@loader_path/Frameworks",
				);
				PRODUCT_BUNDLE_IDENTIFIER = com.Makeschool.HelloWorldUITests;
				PRODUCT_NAME = "$(TARGET_NAME)";
				SWIFT_VERSION = 5.0;
				TARGETED_DEVICE_FAMILY = "1,2";
				TEST_TARGET_NAME = HelloWorld;
			};
			name = Release;
		};
/* End XCBuildConfiguration section */

/* Begin XCConfigurationList section */
		4D013BC8257C855500BCF458 /* Build configuration list for PBXProject "HelloWorld" */ = {
			isa = XCConfigurationList;
			buildConfigurations = (
				4D013BF5257C855800BCF458 /* Debug */,
				4D013BF6257C855800BCF458 /* Release */,
			);
			defaultConfigurationIsVisible = 0;
			defaultConfigurationName = Release;
		};
		4D013BF7257C855800BCF458 /* Build configuration list for PBXNativeTarget "HelloWorld" */ = {
			isa = XCConfigurationList;
			buildConfigurations = (
				4D013BF8257C855800BCF458 /* Debug */,
				4D013BF9257C855800BCF458 /* Release */,
			);
			defaultConfigurationIsVisible = 0;
			defaultConfigurationName = Release;
		};
		4D013BFA257C855800BCF458 /* Build configuration list for PBXNativeTarget "HelloWorldTests" */ = {
			isa = XCConfigurationList;
			buildConfigurations = (
				4D013BFB257C855800BCF458 /* Debug */,
				4D013BFC257C855800BCF458 /* Release */,
			);
			defaultConfigurationIsVisible = 0;
			defaultConfigurationName = Release;
		};
		4D013BFD257C855800BCF458 /* Build configuration list for PBXNativeTarget "HelloWorldUITests" */ = {
			isa = XCConfigurationList;
			buildConfigurations = (
				4D013BFE257C855800BCF458 /* Debug */,
				4D013BFF257C855800BCF458 /* Release */,
			);
			defaultConfigurationIsVisible = 0;
			defaultConfigurationName = Release;
		};
/* End XCConfigurationList section */
	};
	rootObject = 4D013BC5257C855500BCF458 /* Project object */;
}
